
Microsoft Visual Studio Solution File, Format Version 12.00
# Visual Studio Version 17
VisualStudioVersion = 17.5.2.0
MinimumVisualStudioVersion = 10.0.40219.1
Project("{FAE04EC0-301F-11D3-BF4B-00C04F79EFBC}") = "FlashFood.Offers", "FlashFood.Offers\FlashFood.Offers.csproj", "{AA963C47-F2FA-FDD7-6703-EBCA3F9333BF}"
EndProject
Project("{FAE04EC0-301F-11D3-BF4B-00C04F79EFBC}") = "FlashFood.WebAPI", "FlashFood.WebAPI\FlashFood.WebAPI.csproj", "{977E89EB-7ABD-479F-9073-8F0EB9BDCFF9}"
EndProject
Global
	GlobalSection(SolutionConfigurationPlatforms) = preSolution
		Debug|Any CPU = Debug|Any CPU
		Debug|x64 = Debug|x64
		Debug|x86 = Debug|x86
		Release|Any CPU = Release|Any CPU
		Release|x64 = Release|x64
		Release|x86 = Release|x86
	EndGlobalSection
	GlobalSection(ProjectConfigurationPlatforms) = postSolution
		{AA963C47-F2FA-FDD7-6703-EBCA3F9333BF}.Debug|Any CPU.ActiveCfg = Debug|Any CPU
		{AA963C47-F2FA-FDD7-6703-EBCA3F9333BF}.Debug|Any CPU.Build.0 = Debug|Any CPU
		{AA963C47-F2FA-FDD7-6703-EBCA3F9333BF}.Debug|x64.ActiveCfg = Debug|Any CPU
		{AA963C47-F2FA-FDD7-6703-EBCA3F9333BF}.Debug|x64.Build.0 = Debug|Any CPU
		{AA963C47-F2FA-FDD7-6703-EBCA3F9333BF}.Debug|x86.ActiveCfg = Debug|Any CPU
		{AA963C47-F2FA-FDD7-6703-EBCA3F9333BF}.Debug|x86.Build.0 = Debug|Any CPU
		{AA963C47-F2FA-FDD7-6703-EBCA3F9333BF}.Release|Any CPU.ActiveCfg = Release|Any CPU
		{AA963C47-F2FA-FDD7-6703-EBCA3F9333BF}.Release|Any CPU.Build.0 = Release|Any CPU
		{AA963C47-F2FA-FDD7-6703-EBCA3F9333BF}.Release|x64.ActiveCfg = Release|Any CPU
		{AA963C47-F2FA-FDD7-6703-EBCA3F9333BF}.Release|x64.Build.0 = Release|Any CPU
		{AA963C47-F2FA-FDD7-6703-EBCA3F9333BF}.Release|x86.ActiveCfg = Release|Any CPU
		{AA963C47-F2FA-FDD7-6703-EBCA3F9333BF}.Release|x86.Build.0 = Release|Any CPU
		{977E89EB-7ABD-479F-9073-8F0EB9BDCFF9}.Debug|Any CPU.ActiveCfg = Debug|Any CPU
		{977E89EB-7ABD-479F-9073-8F0EB9BDCFF9}.Debug|Any CPU.Build.0 = Debug|Any CPU
		{977E89EB-7ABD-479F-9073-8F0EB9BDCFF9}.Debug|x64.ActiveCfg = Debug|Any CPU
		{977E89EB-7ABD-479F-9073-8F0EB9BDCFF9}.Debug|x64.Build.0 = Debug|Any CPU
		{977E89EB-7ABD-479F-9073-8F0EB9BDCFF9}.Debug|x86.ActiveCfg = Debug|Any CPU
		{977E89EB-7ABD-479F-9073-8F0EB9BDCFF9}.Debug|x86.Build.0 = Debug|Any CPU
		{977E89EB-7ABD-479F-9073-8F0EB9BDCFF9}.Release|Any CPU.ActiveCfg = Release|Any CPU
		{977E89EB-7ABD-479F-9073-8F0EB9BDCFF9}.Release|Any CPU.Build.0 = Release|Any CPU
		{977E89EB-7ABD-479F-9073-8F0EB9BDCFF9}.Release|x64.ActiveCfg = Release|Any CPU
		{977E89EB-7ABD-479F-9073-8F0EB9BDCFF9}.Release|x64.Build.0 = Release|Any CPU
		{977E89EB-7ABD-479F-9073-8F0EB9BDCFF9}.Release|x86.ActiveCfg = Release|Any CPU
		{977E89EB-7ABD-479F-9073-8F0EB9BDCFF9}.Release|x86.Build.0 = Release|Any CPU
	EndGlobalSection
	GlobalSection(SolutionProperties) = preSolution
		HideSolutionNode = FALSE
	EndGlobalSection
	GlobalSection(ExtensibilityGlobals) = postSolution
		SolutionGuid = {E3EF6CE9-D88F-4D3C-8382-1C4226A4916F}
	EndGlobalSection
EndGlobal
